{
  "originHash" : "ee690493c9765bd434cf36ab3877c44aa65e5fe981810a0fac51a62eb9a5ff0f",
  "pins" : [
    {
      "identity" : "realm-core",
      "kind" : "remoteSourceControl",
      "location" : "https://github.com/realm/realm-core.git",
      "state" : {
        "revision" : "15493076ad9fef22c16cc64cbfbf9e5b65c385f9",
        "version" : "20.1.0"
      }
    },
    {
      "identity" : "realm-swift",
      "kind" : "remoteSourceControl",
      "location" : "https://github.com/realm/realm-swift.git",
      "state" : {
        "revision" : "bae6c4be7df169fdb047d0ad63f902c1e2665e83",
        "version" : "20.0.1"
      }
    }
  ],
  "version" : 3
}
